// !$*UTF8*$!
{
	archiveVersion = 1;
	classes = {
	};
	objectVersion = 48;
	objects = {

/* Begin PBXBuildFile section */
		ECC824281F9050D8009FF767 /* AppDelegate.swift in Sources */ = {isa = PBXBuildFile; fileRef = ECC824271F9050D8009FF767 /* AppDelegate.swift */; };
		ECC8242A1F9050D8009FF767 /* ViewController.swift in Sources */ = {isa = PBXBuildFile; fileRef = ECC824291F9050D8009FF767 /* ViewController.swift */; };
		ECC8242D1F9050D8009FF767 /* Main.storyboard in Resources */ = {isa = PBXBuildFile; fileRef = ECC8242B1F9050D8009FF767 /* Main.storyboard */; };
		ECC8242F1F9050D8009FF767 /* Assets.xcassets in Resources */ = {isa = PBXBuildFile; fileRef = ECC8242E1F9050D8009FF767 /* Assets.xcassets */; };
		ECC824321F9050D8009FF767 /* LaunchScreen.storyboard in Resources */ = {isa = PBXBuildFile; fileRef = ECC824301F9050D8009FF767 /* LaunchScreen.storyboard */; };
		ECC8243E1F90520A009FF767 /* TeamScore.swift in Sources */ = {isa = PBXBuildFile; fileRef = ECC8243D1F90520A009FF767 /* TeamScore.swift */; };
		ECC824401F905347009FF767 /* ScoreView.xib in Resources */ = {isa = PBXBuildFile; fileRef = ECC8243F1F905347009FF767 /* ScoreView.xib */; };
		ECC824421F905409009FF767 /* ScoreView.swift in Sources */ = {isa = PBXBuildFile; fileRef = ECC824411F905409009FF767 /* ScoreView.swift */; };
/* End PBXBuildFile section */

/* Begin PBXFileReference section */
		ECC824241F9050D7009FF767 /* C4QLesson2.app */ = {isa = PBXFileReference; explicitFileType = wrapper.application; includeInIndex = 0; path = C4QLesson2.app; sourceTree = BUILT_PRODUCTS_DIR; };
		ECC824271F9050D8009FF767 /* AppDelegate.swift */ = {isa = PBXFileReference; lastKnownFileType = sourcecode.swift; path = AppDelegate.swift; sourceTree = "<group>"; };
		ECC824291F9050D8009FF767 /* ViewController.swift */ = {isa = PBXFileReference; lastKnownFileType = sourcecode.swift; path = ViewController.swift; sourceTree = "<group>"; };
		ECC8242C1F9050D8009FF767 /* Base */ = {isa = PBXFileReference; lastKnownFileType = file.storyboard; name = Base; path = Base.lproj/Main.storyboard; sourceTree = "<group>"; };
		ECC8242E1F9050D8009FF767 /* Assets.xcassets */ = {isa = PBXFileReference; lastKnownFileType = folder.assetcatalog; path = Assets.xcassets; sourceTree = "<group>"; };
		ECC824311F9050D8009FF767 /* Base */ = {isa = PBXFileReference; lastKnownFileType = file.storyboard; name = Base; path = Base.lproj/LaunchScreen.storyboard; sourceTree = "<group>"; };
		ECC824331F9050D8009FF767 /* Info.plist */ = {isa = PBXFileReference; lastKnownFileType = text.plist.xml; path = Info.plist; sourceTree = "<group>"; };
		ECC8243D1F90520A009FF767 /* TeamScore.swift */ = {isa = PBXFileReference; lastKnownFileType = sourcecode.swift; path = TeamScore.swift; sourceTree = "<group>"; };
		ECC8243F1F905347009FF767 /* ScoreView.xib */ = {isa = PBXFileReference; lastKnownFileType = file.xib; path = ScoreView.xib; sourceTree = "<group>"; };
		ECC824411F905409009FF767 /* ScoreView.swift */ = {isa = PBXFileReference; lastKnownFileType = sourcecode.swift; path = ScoreView.swift; sourceTree = "<group>"; };
/* End PBXFileReference section */

/* Begin PBXFrameworksBuildPhase section */
		ECC824211F9050D7009FF767 /* Frameworks */ = {
			isa = PBXFrameworksBuildPhase;
			buildActionMask = 2147483647;
			files = (
			);
			runOnlyForDeploymentPostprocessing = 0;
		};
/* End PBXFrameworksBuildPhase section */

/* Begin PBXGroup section */
		ECC8241B1F9050D7009FF767 = {
			isa = PBXGroup;
			children = (
				ECC824261F9050D7009FF767 /* C4QLesson2 */,
				ECC824251F9050D7009FF767 /* Products */,
			);
			sourceTree = "<group>";
		};
		ECC824251F9050D7009FF767 /* Products */ = {
			isa = PBXGroup;
			children = (
				ECC824241F9050D7009FF767 /* C4QLesson2.app */,
			);
			name = Products;
			sourceTree = "<group>";
		};
		ECC824261F9050D7009FF767 /* C4QLesson2 */ = {
			isa = PBXGroup;
			children = (
				ECC8243B1F9051C7009FF767 /* Controllers */,
				ECC8243A1F9051C0009FF767 /* Views */,
				ECC824391F9051AF009FF767 /* Models */,
				ECC8242B1F9050D8009FF767 /* Main.storyboard */,
				ECC8242E1F9050D8009FF767 /* Assets.xcassets */,
				ECC824301F9050D8009FF767 /* LaunchScreen.storyboard */,
				ECC824331F9050D8009FF767 /* Info.plist */,
			);
			path = C4QLesson2;
			sourceTree = "<group>";
		};
		ECC824391F9051AF009FF767 /* Models */ = {
			isa = PBXGroup;
			children = (
				ECC8243D1F90520A009FF767 /* TeamScore.swift */,
			);
			path = Models;
			sourceTree = "<group>";
		};
		ECC8243A1F9051C0009FF767 /* Views */ = {
			isa = PBXGroup;
			children = (
				ECC8243F1F905347009FF767 /* ScoreView.xib */,
				ECC824411F905409009FF767 /* ScoreView.swift */,
			);
			path = Views;
			sourceTree = "<group>";
		};
		ECC8243B1F9051C7009FF767 /* Controllers */ = {
			isa = PBXGroup;
			children = (
				ECC824271F9050D8009FF767 /* AppDelegate.swift */,
				ECC824291F9050D8009FF767 /* ViewController.swift */,
			);
			path = Controllers;
			sourceTree = "<group>";
		};
/* End PBXGroup section */

/* Begin PBXNativeTarget section */
		ECC824231F9050D7009FF767 /* C4QLesson2 */ = {
			isa = PBXNativeTarget;
			buildConfigurationList = ECC824361F9050D8009FF767 /* Build configuration list for PBXNativeTarget "C4QLesson2" */;
			buildPhases = (
				ECC824201F9050D7009FF767 /* Sources */,
				ECC824211F9050D7009FF767 /* Frameworks */,
				ECC824221F9050D7009FF767 /* Resources */,
			);
			buildRules = (
			);
			dependencies = (
			);
			name = C4QLesson2;
			productName = C4QLesson2;
			productReference = ECC824241F9050D7009FF767 /* C4QLesson2.app */;
			productType = "com.apple.product-type.application";
		};
/* End PBXNativeTarget section */

/* Begin PBXProject section */
		ECC8241C1F9050D7009FF767 /* Project object */ = {
			isa = PBXProject;
			attributes = {
				LastSwiftUpdateCheck = 0900;
				LastUpgradeCheck = 0900;
				ORGANIZATIONNAME = "Patrick O'Leary";
				TargetAttributes = {
					ECC824231F9050D7009FF767 = {
						CreatedOnToolsVersion = 9.0;
						ProvisioningStyle = Automatic;
					};
				};
			};
			buildConfigurationList = ECC8241F1F9050D7009FF767 /* Build configuration list for PBXProject "C4QLesson2" */;
			compatibilityVersion = "Xcode 8.0";
			developmentRegion = en;
			hasScannedForEncodings = 0;
			knownRegions = (
				en,
				Base,
			);
			mainGroup = ECC8241B1F9050D7009FF767;
			productRefGroup = ECC824251F9050D7009FF767 /* Products */;
			projectDirPath = "";
			projectRoot = "";
			targets = (
				ECC824231F9050D7009FF767 /* C4QLesson2 */,
			);
		};
/* End PBXProject section */

/* Begin PBXResourcesBuildPhase section */
		ECC824221F9050D7009FF767 /* Resources */ = {
			isa = PBXResourcesBuildPhase;
			buildActionMask = 2147483647;
			files = (
				ECC824321F9050D8009FF767 /* LaunchScreen.storyboard in Resources */,
				ECC824401F905347009FF767 /* ScoreView.xib in Resources */,
				ECC8242F1F9050D8009FF767 /* Assets.xcassets in Resources */,
				ECC8242D1F9050D8009FF767 /* Main.storyboard in Resources */,
			);
			runOnlyForDeploymentPostprocessing = 0;
		};
/* End PBXResourcesBuildPhase section */

/* Begin PBXSourcesBuildPhase section */
		ECC824201F9050D7009FF767 /* Sources */ = {
			isa = PBXSourcesBuildPhase;
			buildActionMask = 2147483647;
			files = (
				ECC8242A1F9050D8009FF767 /* ViewController.swift in Sources */,
				ECC824421F905409009FF767 /* ScoreView.swift in Sources */,
				ECC824281F9050D8009FF767 /* AppDelegate.swift in Sources */,
				ECC8243E1F90520A009FF767 /* TeamScore.swift in Sources */,
			);
			runOnlyForDeploymentPostprocessing = 0;
		};
/* End PBXSourcesBuildPhase section */

/* Begin PBXVariantGroup section */
		ECC8242B1F9050D8009FF767 /* Main.storyboard */ = {
			isa = PBXVariantGroup;
			children = (
				ECC8242C1F9050D8009FF767 /* Base */,
			);
			name = Main.storyboard;
			sourceTree = "<group>";
		};
		ECC824301F9050D8009FF767 /* LaunchScreen.storyboard */ = {
			isa = PBXVariantGroup;
			children = (
				ECC824311F9050D8009FF767 /* Base */,
			);
			name = LaunchScreen.storyboard;
			sourceTree = "<group>";
		};
/* End PBXVariantGroup section */

/* Begin XCBuildConfiguration section */
		ECC824341F9050D8009FF767 /* Debug */ = {
			isa = XCBuildConfiguration;
			buildSettings = {
				ALWAYS_SEARCH_USER_PATHS = NO;
				CLANG_ANALYZER_NONNULL = YES;
				CLANG_ANALYZER_NUMBER_OBJECT_CONVERSION = YES_AGGRESSIVE;
				CLANG_CXX_LANGUAGE_STANDARD = "gnu++14";
				CLANG_CXX_LIBRARY = "libc++";
				CLANG_ENABLE_MODULES = YES;
				CLANG_ENABLE_OBJC_ARC = YES;
				CLANG_WARN_BLOCK_CAPTURE_AUTORELEASING = YES;
				CLANG_WARN_BOOL_CONVERSION = YES;
				CLANG_WARN_COMMA = YES;
				CLANG_WARN_CONSTANT_CONVERSION = YES;
				CLANG_WARN_DIRECT_OBJC_ISA_USAGE = YES_ERROR;
				CLANG_WARN_DOCUMENTATION_COMMENTS = YES;
				CLANG_WARN_EMPTY_BODY = YES;
				CLANG_WARN_ENUM_CONVERSION = YES;
				CLANG_WARN_INFINITE_RECURSION = YES;
				CLANG_WARN_INT_CONVERSION = YES;
				CLANG_WARN_NON_LITERAL_NULL_CONVERSION = YES;
				CLANG_WARN_OBJC_LITERAL_CONVERSION = YES;
				CLANG_WARN_OBJC_ROOT_CLASS = YES_ERROR;
				CLANG_WARN_RANGE_LOOP_ANALYSIS = YES;
				CLANG_WARN_STRICT_PROTOTYPES = YES;
				CLANG_WARN_SUSPICIOUS_MOVE = YES;
				CLANG_WARN_UNGUARDED_AVAILABILITY = YES_AGGRESSIVE;
				CLANG_WARN_UNREACHABLE_CODE = YES;
				CLANG_WARN__DUPLICATE_METHOD_MATCH = YES;
				CODE_SIGN_IDENTITY = "iPhone Developer";
				COPY_PHASE_STRIP = NO;
				DEBUG_INFORMATION_FORMAT = dwarf;
				ENABLE_STRICT_OBJC_MSGSEND = YES;
				ENABLE_TESTABILITY = YES;
				GCC_C_LANGUAGE_STANDARD = gnu11;
				GCC_DYNAMIC_NO_PIC = NO;
				GCC_NO_COMMON_BLOCKS = YES;
				GCC_OPTIMIZATION_LEVEL = 0;
				GCC_PREPROCESSOR_DEFINITIONS = (
					"DEBUG=1",
					"$(inherited)",
				);
				GCC_WARN_64_TO_32_BIT_CONVERSION = YES;
				GCC_WARN_ABOUT_RETURN_TYPE = YES_ERROR;
				GCC_WARN_UNDECLARED_SELECTOR = YES;
				GCC_WARN_UNINITIALIZED_AUTOS = YES_AGGRESSIVE;
				GCC_WARN_UNUSED_FUNCTION = YES;
				GCC_WARN_UNUSED_VARIABLE = YES;
				IPHONEOS_DEPLOYMENT_TARGET = 11.0;
				MTL_ENABLE_DEBUG_INFO = YES;
				ONLY_ACTIVE_ARCH = YES;
				SDKROOT = iphoneos;
				SWIFT_ACTIVE_COMPILATION_CONDITIONS = DEBUG;
				SWIFT_OPTIMIZATION_LEVEL = "-Onone";
			};
			name = Debug;
		};
		ECC824351F9050D8009FF767 /* Release */ = {
			isa = XCBuildConfiguration;
			buildSettings = {
				ALWAYS_SEARCH_USER_PATHS = NO;
				CLANG_ANALYZER_NONNULL = YES;
				CLANG_ANALYZER_NUMBER_OBJECT_CONVERSION = YES_AGGRESSIVE;
				CLANG_CXX_LANGUAGE_STANDARD = "gnu++14";
				CLANG_CXX_LIBRARY = "libc++";
				CLANG_ENABLE_MODULES = YES;
				CLANG_ENABLE_OBJC_ARC = YES;
				CLANG_WARN_BLOCK_CAPTURE_AUTORELEASING = YES;
				CLANG_WARN_BOOL_CONVERSION = YES;
				CLANG_WARN_COMMA = YES;
				CLANG_WARN_CONSTANT_CONVERSION = YES;
				CLANG_WARN_DIRECT_OBJC_ISA_USAGE = YES_ERROR;
				CLANG_WARN_DOCUMENTATION_COMMENTS = YES;
				CLANG_WARN_EMPTY_BODY = YES;
				CLANG_WARN_ENUM_CONVERSION = YES;
				CLANG_WARN_INFINITE_RECURSION = YES;
				CLANG_WARN_INT_CONVERSION = YES;
				CLANG_WARN_NON_LITERAL_NULL_CONVERSION = YES;
				CLANG_WARN_OBJC_LITERAL_CONVERSION = YES;
				CLANG_WARN_OBJC_ROOT_CLASS = YES_ERROR;
				CLANG_WARN_RANGE_LOOP_ANALYSIS = YES;
				CLANG_WARN_STRICT_PROTOTYPES = YES;
				CLANG_WARN_SUSPICIOUS_MOVE = YES;
				CLANG_WARN_UNGUARDED_AVAILABILITY = YES_AGGRESSIVE;
				CLANG_WARN_UNREACHABLE_CODE = YES;
				CLANG_WARN__DUPLICATE_METHOD_MATCH = YES;
				CODE_SIGN_IDENTITY = "iPhone Developer";
				COPY_PHASE_STRIP = NO;
				DEBUG_INFORMATION_FORMAT = "dwarf-with-dsym";
				ENABLE_NS_ASSERTIONS = NO;
				ENABLE_STRICT_OBJC_MSGSEND = YES;
				GCC_C_LANGUAGE_STANDARD = gnu11;
				GCC_NO_COMMON_BLOCKS = YES;
				GCC_WARN_64_TO_32_BIT_CONVERSION = YES;
				GCC_WARN_ABOUT_RETURN_TYPE = YES_ERROR;
				GCC_WARN_UNDECLARED_SELECTOR = YES;
				GCC_WARN_UNINITIALIZED_AUTOS = YES_AGGRESSIVE;
				GCC_WARN_UNUSED_FUNCTION = YES;
				GCC_WARN_UNUSED_VARIABLE = YES;
				IPHONEOS_DEPLOYMENT_TARGET = 11.0;
				MTL_ENABLE_DEBUG_INFO = NO;
				SDKROOT = iphoneos;
				SWIFT_OPTIMIZATION_LEVEL = "-Owholemodule";
				VALIDATE_PRODUCT = YES;
			};
			name = Release;
		};
		ECC824371F9050D8009FF767 /* Debug */ = {
			isa = XCBuildConfiguration;
			buildSettings = {
				ASSETCATALOG_COMPILER_APPICON_NAME = AppIcon;
				CODE_SIGN_STYLE = Automatic;
				DEVELOPMENT_TEAM = 992D98C4QP;
				INFOPLIST_FILE = C4QLesson2/Info.plist;
				LD_RUNPATH_SEARCH_PATHS = "$(inherited) @executable_path/Frameworks";
				PRODUCT_BUNDLE_IDENTIFIER = SweetPea.C4QLesson2;
				PRODUCT_NAME = "$(TARGET_NAME)";
				SWIFT_VERSION = 4.0;
				TARGETED_DEVICE_FAMILY = "1,2";
			};
			name = Debug;
		};
		ECC824381F9050D8009FF767 /* Release */ = {
			isa = XCBuildConfiguration;
			buildSettings = {
				ASSETCATALOG_COMPILER_APPICON_NAME = AppIcon;
				CODE_SIGN_STYLE = Automatic;
				DEVELOPMENT_TEAM = 992D98C4QP;
				INFOPLIST_FILE = C4QLesson2/Info.plist;
				LD_RUNPATH_SEARCH_PATHS = "$(inherited) @executable_path/Frameworks";
				PRODUCT_BUNDLE_IDENTIFIER = SweetPea.C4QLesson2;
				PRODUCT_NAME = "$(TARGET_NAME)";
				SWIFT_VERSION = 4.0;
				TARGETED_DEVICE_FAMILY = "1,2";
			};
			name = Release;
		};
/* End XCBuildConfiguration section */

/* Begin XCConfigurationList section */
		ECC8241F1F9050D7009FF767 /* Build configuration list for PBXProject "C4QLesson2" */ = {
			isa = XCConfigurationList;
			buildConfigurations = (
				ECC824341F9050D8009FF767 /* Debug */,
				ECC824351F9050D8009FF767 /* Release */,
			);
			defaultConfigurationIsVisible = 0;
			defaultConfigurationName = Release;
		};
		ECC824361F9050D8009FF767 /* Build configuration list for PBXNativeTarget "C4QLesson2" */ = {
			isa = XCConfigurationList;
			buildConfigurations = (
				ECC824371F9050D8009FF767 /* Debug */,
				ECC824381F9050D8009FF767 /* Release */,
			);
			defaultConfigurationIsVisible = 0;
			defaultConfigurationName = Release;
		};
/* End XCConfigurationList section */
	};
	rootObject = ECC8241C1F9050D7009FF767 /* Project object */;
}
